// !$*UTF8*$!
{
	archiveVersion = 1;
	classes = {
	};
	objectVersion = 50;
	objects = {

/* Begin PBXBuildFile section */
		024F9D0F20E4133600935310 /* AppDelegate.swift in Sources */ = {isa = PBXBuildFile; fileRef = 024F9D0E20E4133600935310 /* AppDelegate.swift */; };
		024F9D1420E4133600935310 /* Main.storyboard in Resources */ = {isa = PBXBuildFile; fileRef = 024F9D1220E4133600935310 /* Main.storyboard */; };
		024F9D1620E4133800935310 /* Assets.xcassets in Resources */ = {isa = PBXBuildFile; fileRef = 024F9D1520E4133800935310 /* Assets.xcassets */; };
		024F9D1920E4133800935310 /* LaunchScreen.storyboard in Resources */ = {isa = PBXBuildFile; fileRef = 024F9D1720E4133800935310 /* LaunchScreen.storyboard */; };
		024F9D2120E4138100935310 /* MyTableViewController.swift in Sources */ = {isa = PBXBuildFile; fileRef = 024F9D2020E4138100935310 /* MyTableViewController.swift */; };
		024F9D2320E413B000935310 /* Profile.swift in Sources */ = {isa = PBXBuildFile; fileRef = 024F9D2220E413B000935310 /* Profile.swift */; };
		024F9D2520E415E300935310 /* TableViewCell.swift in Sources */ = {isa = PBXBuildFile; fileRef = 024F9D2420E415E300935310 /* TableViewCell.swift */; };
		02AFBE4820E5262900EE20FA /* ViewModel.swift in Sources */ = {isa = PBXBuildFile; fileRef = 02AFBE4720E5262800EE20FA /* ViewModel.swift */; };
		02AFBE4A20E5271300EE20FA /* TableViewModelType.swift in Sources */ = {isa = PBXBuildFile; fileRef = 02AFBE4920E5271300EE20FA /* TableViewModelType.swift */; };
		02AFBE4E20E54BDF00EE20FA /* TableViewCellViewModelType.swift in Sources */ = {isa = PBXBuildFile; fileRef = 02AFBE4D20E54BDF00EE20FA /* TableViewCellViewModelType.swift */; };
		02AFBE5020E54CC500EE20FA /* TableViewCellViewModel.swift in Sources */ = {isa = PBXBuildFile; fileRef = 02AFBE4F20E54CC500EE20FA /* TableViewCellViewModel.swift */; };
/* End PBXBuildFile section */

/* Begin PBXFileReference section */
		024F9D0B20E4133600935310 /* MVVM-2.app */ = {isa = PBXFileReference; explicitFileType = wrapper.application; includeInIndex = 0; path = "MVVM-2.app"; sourceTree = BUILT_PRODUCTS_DIR; };
		024F9D0E20E4133600935310 /* AppDelegate.swift */ = {isa = PBXFileReference; lastKnownFileType = sourcecode.swift; path = AppDelegate.swift; sourceTree = "<group>"; };
		024F9D1320E4133600935310 /* Base */ = {isa = PBXFileReference; lastKnownFileType = file.storyboard; name = Base; path = Base.lproj/Main.storyboard; sourceTree = "<group>"; };
		024F9D1520E4133800935310 /* Assets.xcassets */ = {isa = PBXFileReference; lastKnownFileType = folder.assetcatalog; path = Assets.xcassets; sourceTree = "<group>"; };
		024F9D1820E4133800935310 /* Base */ = {isa = PBXFileReference; lastKnownFileType = file.storyboard; name = Base; path = Base.lproj/LaunchScreen.storyboard; sourceTree = "<group>"; };
		024F9D1A20E4133800935310 /* Info.plist */ = {isa = PBXFileReference; lastKnownFileType = text.plist.xml; path = Info.plist; sourceTree = "<group>"; };
		024F9D2020E4138100935310 /* MyTableViewController.swift */ = {isa = PBXFileReference; lastKnownFileType = sourcecode.swift; path = MyTableViewController.swift; sourceTree = "<group>"; };
		024F9D2220E413B000935310 /* Profile.swift */ = {isa = PBXFileReference; lastKnownFileType = sourcecode.swift; path = Profile.swift; sourceTree = "<group>"; };
		024F9D2420E415E300935310 /* TableViewCell.swift */ = {isa = PBXFileReference; lastKnownFileType = sourcecode.swift; path = TableViewCell.swift; sourceTree = "<group>"; };
		02AFBE4720E5262800EE20FA /* ViewModel.swift */ = {isa = PBXFileReference; lastKnownFileType = sourcecode.swift; path = ViewModel.swift; sourceTree = "<group>"; };
		02AFBE4920E5271300EE20FA /* TableViewModelType.swift */ = {isa = PBXFileReference; lastKnownFileType = sourcecode.swift; path = TableViewModelType.swift; sourceTree = "<group>"; };
		02AFBE4D20E54BDF00EE20FA /* TableViewCellViewModelType.swift */ = {isa = PBXFileReference; lastKnownFileType = sourcecode.swift; path = TableViewCellViewModelType.swift; sourceTree = "<group>"; };
		02AFBE4F20E54CC500EE20FA /* TableViewCellViewModel.swift */ = {isa = PBXFileReference; lastKnownFileType = sourcecode.swift; path = TableViewCellViewModel.swift; sourceTree = "<group>"; };
/* End PBXFileReference section */

/* Begin PBXFrameworksBuildPhase section */
		024F9D0820E4133600935310 /* Frameworks */ = {
			isa = PBXFrameworksBuildPhase;
			buildActionMask = 2147483647;
			files = (
			);
			runOnlyForDeploymentPostprocessing = 0;
		};
/* End PBXFrameworksBuildPhase section */

/* Begin PBXGroup section */
		024F9D0220E4133600935310 = {
			isa = PBXGroup;
			children = (
				024F9D0D20E4133600935310 /* MVVM-2 */,
				024F9D0C20E4133600935310 /* Products */,
			);
			sourceTree = "<group>";
		};
		024F9D0C20E4133600935310 /* Products */ = {
			isa = PBXGroup;
			children = (
				024F9D0B20E4133600935310 /* MVVM-2.app */,
			);
			name = Products;
			sourceTree = "<group>";
		};
		024F9D0D20E4133600935310 /* MVVM-2 */ = {
			isa = PBXGroup;
			children = (
				024F9D2620E416CB00935310 /* Model */,
				02AFBE4B20E5285E00EE20FA /* ViewModel */,
				02AFBE4C20E5286900EE20FA /* Protocols */,
				024F9D2720E416D100935310 /* View */,
				024F9D1720E4133800935310 /* LaunchScreen.storyboard */,
				024F9D1220E4133600935310 /* Main.storyboard */,
				024F9D1A20E4133800935310 /* Info.plist */,
				024F9D2920E416EE00935310 /* Supporting Files */,
			);
			path = "MVVM-2";
			sourceTree = "<group>";
		};
		024F9D2620E416CB00935310 /* Model */ = {
			isa = PBXGroup;
			children = (
				024F9D2220E413B000935310 /* Profile.swift */,
			);
			path = Model;
			sourceTree = "<group>";
		};
		024F9D2720E416D100935310 /* View */ = {
			isa = PBXGroup;
			children = (
				024F9D2020E4138100935310 /* MyTableViewController.swift */,
				024F9D2420E415E300935310 /* TableViewCell.swift */,
			);
			path = View;
			sourceTree = "<group>";
		};
		024F9D2920E416EE00935310 /* Supporting Files */ = {
			isa = PBXGroup;
			children = (
				024F9D0E20E4133600935310 /* AppDelegate.swift */,
				024F9D1520E4133800935310 /* Assets.xcassets */,
			);
			path = "Supporting Files";
			sourceTree = "<group>";
		};
		02AFBE4B20E5285E00EE20FA /* ViewModel */ = {
			isa = PBXGroup;
			children = (
				02AFBE4720E5262800EE20FA /* ViewModel.swift */,
				02AFBE4F20E54CC500EE20FA /* TableViewCellViewModel.swift */,
			);
			path = ViewModel;
			sourceTree = "<group>";
		};
		02AFBE4C20E5286900EE20FA /* Protocols */ = {
			isa = PBXGroup;
			children = (
				02AFBE4D20E54BDF00EE20FA /* TableViewCellViewModelType.swift */,
				02AFBE4920E5271300EE20FA /* TableViewModelType.swift */,
			);
			path = Protocols;
			sourceTree = "<group>";
		};
/* End PBXGroup section */

/* Begin PBXNativeTarget section */
		024F9D0A20E4133600935310 /* MVVM-2 */ = {
			isa = PBXNativeTarget;
			buildConfigurationList = 024F9D1D20E4133800935310 /* Build configuration list for PBXNativeTarget "MVVM-2" */;
			buildPhases = (
				024F9D0720E4133600935310 /* Sources */,
				024F9D0820E4133600935310 /* Frameworks */,
				024F9D0920E4133600935310 /* Resources */,
			);
			buildRules = (
			);
			dependencies = (
			);
			name = "MVVM-2";
			productName = "MVVM-2";
			productReference = 024F9D0B20E4133600935310 /* MVVM-2.app */;
			productType = "com.apple.product-type.application";
		};
/* End PBXNativeTarget section */

/* Begin PBXProject section */
		024F9D0320E4133600935310 /* Project object */ = {
			isa = PBXProject;
			attributes = {
				LastSwiftUpdateCheck = 0940;
				LastUpgradeCheck = 0940;
				ORGANIZATIONNAME = "Иван Никитин";
				TargetAttributes = {
					024F9D0A20E4133600935310 = {
						CreatedOnToolsVersion = 9.4.1;
					};
				};
			};
			buildConfigurationList = 024F9D0620E4133600935310 /* Build configuration list for PBXProject "MVVM-2" */;
			compatibilityVersion = "Xcode 9.3";
			developmentRegion = en;
			hasScannedForEncodings = 0;
			knownRegions = (
				en,
				Base,
			);
			mainGroup = 024F9D0220E4133600935310;
			productRefGroup = 024F9D0C20E4133600935310 /* Products */;
			projectDirPath = "";
			projectRoot = "";
			targets = (
				024F9D0A20E4133600935310 /* MVVM-2 */,
			);
		};
/* End PBXProject section */

/* Begin PBXResourcesBuildPhase section */
		024F9D0920E4133600935310 /* Resources */ = {
			isa = PBXResourcesBuildPhase;
			buildActionMask = 2147483647;
			files = (
				024F9D1920E4133800935310 /* LaunchScreen.storyboard in Resources */,
				024F9D1620E4133800935310 /* Assets.xcassets in Resources */,
				024F9D1420E4133600935310 /* Main.storyboard in Resources */,
			);
			runOnlyForDeploymentPostprocessing = 0;
		};
/* End PBXResourcesBuildPhase section */

/* Begin PBXSourcesBuildPhase section */
		024F9D0720E4133600935310 /* Sources */ = {
			isa = PBXSourcesBuildPhase;
			buildActionMask = 2147483647;
			files = (
				02AFBE4E20E54BDF00EE20FA /* TableViewCellViewModelType.swift in Sources */,
				02AFBE4820E5262900EE20FA /* ViewModel.swift in Sources */,
				024F9D0F20E4133600935310 /* AppDelegate.swift in Sources */,
				024F9D2520E415E300935310 /* TableViewCell.swift in Sources */,
				024F9D2320E413B000935310 /* Profile.swift in Sources */,
				024F9D2120E4138100935310 /* MyTableViewController.swift in Sources */,
				02AFBE5020E54CC500EE20FA /* TableViewCellViewModel.swift in Sources */,
				02AFBE4A20E5271300EE20FA /* TableViewModelType.swift in Sources */,
			);
			runOnlyForDeploymentPostprocessing = 0;
		};
/* End PBXSourcesBuildPhase section */

/* Begin PBXVariantGroup section */
		024F9D1220E4133600935310 /* Main.storyboard */ = {
			isa = PBXVariantGroup;
			children = (
				024F9D1320E4133600935310 /* Base */,
			);
			name = Main.storyboard;
			sourceTree = "<group>";
		};
		024F9D1720E4133800935310 /* LaunchScreen.storyboard */ = {
			isa = PBXVariantGroup;
			children = (
				024F9D1820E4133800935310 /* Base */,
			);
			name = LaunchScreen.storyboard;
			sourceTree = "<group>";
		};
/* End PBXVariantGroup section */

/* Begin XCBuildConfiguration section */
		024F9D1B20E4133800935310 /* Debug */ = {
			isa = XCBuildConfiguration;
			buildSettings = {
				ALWAYS_SEARCH_USER_PATHS = NO;
				CLANG_ANALYZER_NONNULL = YES;
				CLANG_ANALYZER_NUMBER_OBJECT_CONVERSION = YES_AGGRESSIVE;
				CLANG_CXX_LANGUAGE_STANDARD = "gnu++14";
				CLANG_CXX_LIBRARY = "libc++";
				CLANG_ENABLE_MODULES = YES;
				CLANG_ENABLE_OBJC_ARC = YES;
				CLANG_ENABLE_OBJC_WEAK = YES;
				CLANG_WARN_BLOCK_CAPTURE_AUTORELEASING = YES;
				CLANG_WARN_BOOL_CONVERSION = YES;
				CLANG_WARN_COMMA = YES;
				CLANG_WARN_CONSTANT_CONVERSION = YES;
				CLANG_WARN_DEPRECATED_OBJC_IMPLEMENTATIONS = YES;
				CLANG_WARN_DIRECT_OBJC_ISA_USAGE = YES_ERROR;
				CLANG_WARN_DOCUMENTATION_COMMENTS = YES;
				CLANG_WARN_EMPTY_BODY = YES;
				CLANG_WARN_ENUM_CONVERSION = YES;
				CLANG_WARN_INFINITE_RECURSION = YES;
				CLANG_WARN_INT_CONVERSION = YES;
				CLANG_WARN_NON_LITERAL_NULL_CONVERSION = YES;
				CLANG_WARN_OBJC_IMPLICIT_RETAIN_SELF = YES;
				CLANG_WARN_OBJC_LITERAL_CONVERSION = YES;
				CLANG_WARN_OBJC_ROOT_CLASS = YES_ERROR;
				CLANG_WARN_RANGE_LOOP_ANALYSIS = YES;
				CLANG_WARN_STRICT_PROTOTYPES = YES;
				CLANG_WARN_SUSPICIOUS_MOVE = YES;
				CLANG_WARN_UNGUARDED_AVAILABILITY = YES_AGGRESSIVE;
				CLANG_WARN_UNREACHABLE_CODE = YES;
				CLANG_WARN__DUPLICATE_METHOD_MATCH = YES;
				CODE_SIGN_IDENTITY = "iPhone Developer";
				COPY_PHASE_STRIP = NO;
				DEBUG_INFORMATION_FORMAT = dwarf;
				ENABLE_STRICT_OBJC_MSGSEND = YES;
				ENABLE_TESTABILITY = YES;
				GCC_C_LANGUAGE_STANDARD = gnu11;
				GCC_DYNAMIC_NO_PIC = NO;
				GCC_NO_COMMON_BLOCKS = YES;
				GCC_OPTIMIZATION_LEVEL = 0;
				GCC_PREPROCESSOR_DEFINITIONS = (
					"DEBUG=1",
					"$(inherited)",
				);
				GCC_WARN_64_TO_32_BIT_CONVERSION = YES;
				GCC_WARN_ABOUT_RETURN_TYPE = YES_ERROR;
				GCC_WARN_UNDECLARED_SELECTOR = YES;
				GCC_WARN_UNINITIALIZED_AUTOS = YES_AGGRESSIVE;
				GCC_WARN_UNUSED_FUNCTION = YES;
				GCC_WARN_UNUSED_VARIABLE = YES;
				IPHONEOS_DEPLOYMENT_TARGET = 11.4;
				MTL_ENABLE_DEBUG_INFO = YES;
				ONLY_ACTIVE_ARCH = YES;
				SDKROOT = iphoneos;
				SWIFT_ACTIVE_COMPILATION_CONDITIONS = DEBUG;
				SWIFT_OPTIMIZATION_LEVEL = "-Onone";
			};
			name = Debug;
		};
		024F9D1C20E4133800935310 /* Release */ = {
			isa = XCBuildConfiguration;
			buildSettings = {
				ALWAYS_SEARCH_USER_PATHS = NO;
				CLANG_ANALYZER_NONNULL = YES;
				CLANG_ANALYZER_NUMBER_OBJECT_CONVERSION = YES_AGGRESSIVE;
				CLANG_CXX_LANGUAGE_STANDARD = "gnu++14";
				CLANG_CXX_LIBRARY = "libc++";
				CLANG_ENABLE_MODULES = YES;
				CLANG_ENABLE_OBJC_ARC = YES;
				CLANG_ENABLE_OBJC_WEAK = YES;
				CLANG_WARN_BLOCK_CAPTURE_AUTORELEASING = YES;
				CLANG_WARN_BOOL_CONVERSION = YES;
				CLANG_WARN_COMMA = YES;
				CLANG_WARN_CONSTANT_CONVERSION = YES;
				CLANG_WARN_DEPRECATED_OBJC_IMPLEMENTATIONS = YES;
				CLANG_WARN_DIRECT_OBJC_ISA_USAGE = YES_ERROR;
				CLANG_WARN_DOCUMENTATION_COMMENTS = YES;
				CLANG_WARN_EMPTY_BODY = YES;
				CLANG_WARN_ENUM_CONVERSION = YES;
				CLANG_WARN_INFINITE_RECURSION = YES;
				CLANG_WARN_INT_CONVERSION = YES;
				CLANG_WARN_NON_LITERAL_NULL_CONVERSION = YES;
				CLANG_WARN_OBJC_IMPLICIT_RETAIN_SELF = YES;
				CLANG_WARN_OBJC_LITERAL_CONVERSION = YES;
				CLANG_WARN_OBJC_ROOT_CLASS = YES_ERROR;
				CLANG_WARN_RANGE_LOOP_ANALYSIS = YES;
				CLANG_WARN_STRICT_PROTOTYPES = YES;
				CLANG_WARN_SUSPICIOUS_MOVE = YES;
				CLANG_WARN_UNGUARDED_AVAILABILITY = YES_AGGRESSIVE;
				CLANG_WARN_UNREACHABLE_CODE = YES;
				CLANG_WARN__DUPLICATE_METHOD_MATCH = YES;
				CODE_SIGN_IDENTITY = "iPhone Developer";
				COPY_PHASE_STRIP = NO;
				DEBUG_INFORMATION_FORMAT = "dwarf-with-dsym";
				ENABLE_NS_ASSERTIONS = NO;
				ENABLE_STRICT_OBJC_MSGSEND = YES;
				GCC_C_LANGUAGE_STANDARD = gnu11;
				GCC_NO_COMMON_BLOCKS = YES;
				GCC_WARN_64_TO_32_BIT_CONVERSION = YES;
				GCC_WARN_ABOUT_RETURN_TYPE = YES_ERROR;
				GCC_WARN_UNDECLARED_SELECTOR = YES;
				GCC_WARN_UNINITIALIZED_AUTOS = YES_AGGRESSIVE;
				GCC_WARN_UNUSED_FUNCTION = YES;
				GCC_WARN_UNUSED_VARIABLE = YES;
				IPHONEOS_DEPLOYMENT_TARGET = 11.4;
				MTL_ENABLE_DEBUG_INFO = NO;
				SDKROOT = iphoneos;
				SWIFT_COMPILATION_MODE = wholemodule;
				SWIFT_OPTIMIZATION_LEVEL = "-O";
				VALIDATE_PRODUCT = YES;
			};
			name = Release;
		};
		024F9D1E20E4133800935310 /* Debug */ = {
			isa = XCBuildConfiguration;
			buildSettings = {
				ASSETCATALOG_COMPILER_APPICON_NAME = AppIcon;
				CODE_SIGN_STYLE = Automatic;
				DEVELOPMENT_TEAM = C897U44A5R;
				INFOPLIST_FILE = "MVVM-2/Info.plist";
				LD_RUNPATH_SEARCH_PATHS = (
					"$(inherited)",
					"@executable_path/Frameworks",
				);
				PRODUCT_BUNDLE_IDENTIFIER = "com.nikmc-i.MVVM-2";
				PRODUCT_NAME = "$(TARGET_NAME)";
				SWIFT_VERSION = 4.0;
				TARGETED_DEVICE_FAMILY = "1,2";
			};
			name = Debug;
		};
		024F9D1F20E4133800935310 /* Release */ = {
			isa = XCBuildConfiguration;
			buildSettings = {
				ASSETCATALOG_COMPILER_APPICON_NAME = AppIcon;
				CODE_SIGN_STYLE = Automatic;
				DEVELOPMENT_TEAM = C897U44A5R;
				INFOPLIST_FILE = "MVVM-2/Info.plist";
				LD_RUNPATH_SEARCH_PATHS = (
					"$(inherited)",
					"@executable_path/Frameworks",
				);
				PRODUCT_BUNDLE_IDENTIFIER = "com.nikmc-i.MVVM-2";
				PRODUCT_NAME = "$(TARGET_NAME)";
				SWIFT_VERSION = 4.0;
				TARGETED_DEVICE_FAMILY = "1,2";
			};
			name = Release;
		};
/* End XCBuildConfiguration section */

/* Begin XCConfigurationList section */
		024F9D0620E4133600935310 /* Build configuration list for PBXProject "MVVM-2" */ = {
			isa = XCConfigurationList;
			buildConfigurations = (
				024F9D1B20E4133800935310 /* Debug */,
				024F9D1C20E4133800935310 /* Release */,
			);
			defaultConfigurationIsVisible = 0;
			defaultConfigurationName = Release;
		};
		024F9D1D20E4133800935310 /* Build configuration list for PBXNativeTarget "MVVM-2" */ = {
			isa = XCConfigurationList;
			buildConfigurations = (
				024F9D1E20E4133800935310 /* Debug */,
				024F9D1F20E4133800935310 /* Release */,
			);
			defaultConfigurationIsVisible = 0;
			defaultConfigurationName = Release;
		};
/* End XCConfigurationList section */
	};
	rootObject = 024F9D0320E4133600935310 /* Project object */;
}
